
Microsoft Visual Studio Solution File, Format Version 12.00
# Visual Studio Version 17
VisualStudioVersion = 17.5.33414.496
MinimumVisualStudioVersion = 10.0.40219.1
Project("{FAE04EC0-301F-11D3-BF4B-00C04F79EFBC}") = "ClassesWork", "ClassesWork\ClassesWork.csproj", "{53CCE26D-B813-4046-BF8A-B027E9FBAB59}"
EndProject
Project("{FAE04EC0-301F-11D3-BF4B-00C04F79EFBC}") = "ClassLibrary", "ClassLibrary\ClassLibrary.csproj", "{54058953-38C0-4237-8820-10EC615E58D3}"
EndProject
Global
	GlobalSection(SolutionConfigurationPlatforms) = preSolution
		Debug|Any CPU = Debug|Any CPU
		Release|Any CPU = Release|Any CPU
	EndGlobalSection
	GlobalSection(ProjectConfigurationPlatforms) = postSolution
		{53CCE26D-B813-4046-BF8A-B027E9FBAB59}.Debug|Any CPU.ActiveCfg = Debug|Any CPU
		{53CCE26D-B813-4046-BF8A-B027E9FBAB59}.Debug|Any CPU.Build.0 = Debug|Any CPU
		{53CCE26D-B813-4046-BF8A-B027E9FBAB59}.Release|Any CPU.ActiveCfg = Release|Any CPU
		{53CCE26D-B813-4046-BF8A-B027E9FBAB59}.Release|Any CPU.Build.0 = Release|Any CPU
		{54058953-38C0-4237-8820-10EC615E58D3}.Debug|Any CPU.ActiveCfg = Debug|Any CPU
		{54058953-38C0-4237-8820-10EC615E58D3}.Debug|Any CPU.Build.0 = Debug|Any CPU
		{54058953-38C0-4237-8820-10EC615E58D3}.Release|Any CPU.ActiveCfg = Release|Any CPU
		{54058953-38C0-4237-8820-10EC615E58D3}.Release|Any CPU.Build.0 = Release|Any CPU
	EndGlobalSection
	GlobalSection(SolutionProperties) = preSolution
		HideSolutionNode = FALSE
	EndGlobalSection
	GlobalSection(ExtensibilityGlobals) = postSolution
		SolutionGuid = {59D77532-3FA4-441D-BF8B-5373B2431022}
	EndGlobalSection
EndGlobal
